
Microsoft Visual Studio Solution File, Format Version 12.00
# Visual Studio Version 16
VisualStudioVersion = 16.0.29025.244
MinimumVisualStudioVersion = 10.0.40219.1
Project("{FAE04EC0-301F-11D3-BF4B-00C04F79EFBC}") = "UI", "UI\UI.csproj", "{D4D946AD-2C84-421E-B78E-5F17D917CD8F}"
EndProject
Project("{FAE04EC0-301F-11D3-BF4B-00C04F79EFBC}") = "DAL", "DAL\DAL.csproj", "{2C7FF2C5-E744-42B4-BBD5-58BC2CB76EAF}"
EndProject
Project("{FAE04EC0-301F-11D3-BF4B-00C04F79EFBC}") = "Model", "Model\Model.csproj", "{824D6338-DD0F-4706-965F-672220F004EA}"
EndProject
Global
	GlobalSection(SolutionConfigurationPlatforms) = preSolution
		Debug|Any CPU = Debug|Any CPU
		Release|Any CPU = Release|Any CPU
	EndGlobalSection
	GlobalSection(ProjectConfigurationPlatforms) = postSolution
		{D4D946AD-2C84-421E-B78E-5F17D917CD8F}.Debug|Any CPU.ActiveCfg = Debug|Any CPU
		{D4D946AD-2C84-421E-B78E-5F17D917CD8F}.Debug|Any CPU.Build.0 = Debug|Any CPU
		{D4D946AD-2C84-421E-B78E-5F17D917CD8F}.Release|Any CPU.ActiveCfg = Release|Any CPU
		{D4D946AD-2C84-421E-B78E-5F17D917CD8F}.Release|Any CPU.Build.0 = Release|Any CPU
		{2C7FF2C5-E744-42B4-BBD5-58BC2CB76EAF}.Debug|Any CPU.ActiveCfg = Debug|Any CPU
		{2C7FF2C5-E744-42B4-BBD5-58BC2CB76EAF}.Debug|Any CPU.Build.0 = Debug|Any CPU
		{2C7FF2C5-E744-42B4-BBD5-58BC2CB76EAF}.Release|Any CPU.ActiveCfg = Release|Any CPU
		{2C7FF2C5-E744-42B4-BBD5-58BC2CB76EAF}.Release|Any CPU.Build.0 = Release|Any CPU
		{824D6338-DD0F-4706-965F-672220F004EA}.Debug|Any CPU.ActiveCfg = Debug|Any CPU
		{824D6338-DD0F-4706-965F-672220F004EA}.Debug|Any CPU.Build.0 = Debug|Any CPU
		{824D6338-DD0F-4706-965F-672220F004EA}.Release|Any CPU.ActiveCfg = Release|Any CPU
		{824D6338-DD0F-4706-965F-672220F004EA}.Release|Any CPU.Build.0 = Release|Any CPU
	EndGlobalSection
	GlobalSection(SolutionProperties) = preSolution
		HideSolutionNode = FALSE
	EndGlobalSection
	GlobalSection(ExtensibilityGlobals) = postSolution
		SolutionGuid = {5D293D37-C662-45E0-A6D3-F3DD0F120043}
	EndGlobalSection
EndGlobal
